
Microsoft Visual Studio Solution File, Format Version 12.00
# Visual Studio Version 17
VisualStudioVersion = 17.7.34221.43
MinimumVisualStudioVersion = 10.0.40219.1
Project("{9A19103F-16F7-4668-BE54-9A1E7A4F7556}") = "eUcionica", "eUcionica\eUcionica.csproj", "{0884547C-D5FB-48DD-9263-18AC79681A7D}"
EndProject
Project("{9A19103F-16F7-4668-BE54-9A1E7A4F7556}") = "DBContext", "DBContext\DBContext.csproj", "{227295FF-5415-4129-B5B3-70492AB662D1}"
EndProject
Project("{9A19103F-16F7-4668-BE54-9A1E7A4F7556}") = "EntityLib", "EntityLib\EntityLib.csproj", "{1954EFDD-97A8-46D4-8A60-F87EC0305BCC}"
EndProject
Global
	GlobalSection(SolutionConfigurationPlatforms) = preSolution
		Debug|Any CPU = Debug|Any CPU
		Release|Any CPU = Release|Any CPU
	EndGlobalSection
	GlobalSection(ProjectConfigurationPlatforms) = postSolution
		{0884547C-D5FB-48DD-9263-18AC79681A7D}.Debug|Any CPU.ActiveCfg = Debug|Any CPU
		{0884547C-D5FB-48DD-9263-18AC79681A7D}.Debug|Any CPU.Build.0 = Debug|Any CPU
		{0884547C-D5FB-48DD-9263-18AC79681A7D}.Release|Any CPU.ActiveCfg = Release|Any CPU
		{0884547C-D5FB-48DD-9263-18AC79681A7D}.Release|Any CPU.Build.0 = Release|Any CPU
		{227295FF-5415-4129-B5B3-70492AB662D1}.Debug|Any CPU.ActiveCfg = Debug|Any CPU
		{227295FF-5415-4129-B5B3-70492AB662D1}.Debug|Any CPU.Build.0 = Debug|Any CPU
		{227295FF-5415-4129-B5B3-70492AB662D1}.Release|Any CPU.ActiveCfg = Release|Any CPU
		{227295FF-5415-4129-B5B3-70492AB662D1}.Release|Any CPU.Build.0 = Release|Any CPU
		{1954EFDD-97A8-46D4-8A60-F87EC0305BCC}.Debug|Any CPU.ActiveCfg = Debug|Any CPU
		{1954EFDD-97A8-46D4-8A60-F87EC0305BCC}.Debug|Any CPU.Build.0 = Debug|Any CPU
		{1954EFDD-97A8-46D4-8A60-F87EC0305BCC}.Release|Any CPU.ActiveCfg = Release|Any CPU
		{1954EFDD-97A8-46D4-8A60-F87EC0305BCC}.Release|Any CPU.Build.0 = Release|Any CPU
	EndGlobalSection
	GlobalSection(SolutionProperties) = preSolution
		HideSolutionNode = FALSE
	EndGlobalSection
	GlobalSection(ExtensibilityGlobals) = postSolution
		SolutionGuid = {86AFA275-A26A-4459-80D6-0F6567E9ED7E}
	EndGlobalSection
EndGlobal
